
Microsoft Visual Studio Solution File, Format Version 12.00
# Visual Studio Version 17
VisualStudioVersion = 17.11.35208.52
MinimumVisualStudioVersion = 10.0.40219.1
Project("{FAE04EC0-301F-11D3-BF4B-00C04F79EFBC}") = "PokemonReviewApp", "PokemonReviewApp\PokemonReviewApp.csproj", "{C2DF8108-BF93-4897-A8AF-086F1655BA80}"
EndProject
Global
	GlobalSection(SolutionConfigurationPlatforms) = preSolution
		Debug|Any CPU = Debug|Any CPU
		Release|Any CPU = Release|Any CPU
	EndGlobalSection
	GlobalSection(ProjectConfigurationPlatforms) = postSolution
		{C2DF8108-BF93-4897-A8AF-086F1655BA80}.Debug|Any CPU.ActiveCfg = Debug|Any CPU
		{C2DF8108-BF93-4897-A8AF-086F1655BA80}.Debug|Any CPU.Build.0 = Debug|Any CPU
		{C2DF8108-BF93-4897-A8AF-086F1655BA80}.Release|Any CPU.ActiveCfg = Release|Any CPU
		{C2DF8108-BF93-4897-A8AF-086F1655BA80}.Release|Any CPU.Build.0 = Release|Any CPU
	EndGlobalSection
	GlobalSection(SolutionProperties) = preSolution
		HideSolutionNode = FALSE
	EndGlobalSection
	GlobalSection(ExtensibilityGlobals) = postSolution
		SolutionGuid = {1B144CAE-F7AF-4E7E-85F8-5AE6EC6CF031}
	EndGlobalSection
EndGlobal
